
Microsoft Visual Studio Solution File, Format Version 12.00
# Visual Studio 15
VisualStudioVersion = 15.0.27130.2003
MinimumVisualStudioVersion = 10.0.40219.1
Project("{FAE04EC0-301F-11D3-BF4B-00C04F79EFBC}") = "DatecsFP550TMD", "DatecsFP550TMD.csproj", "{4E2D0B5E-345C-45C9-949A-8CA4E9CAA6AC}"
EndProject
Global
	GlobalSection(SolutionConfigurationPlatforms) = preSolution
		Debug|x86 = Debug|x86
		Release|x86 = Release|x86
	EndGlobalSection
	GlobalSection(ProjectConfigurationPlatforms) = postSolution
		{4E2D0B5E-345C-45C9-949A-8CA4E9CAA6AC}.Debug|x86.ActiveCfg = Debug|x86
		{4E2D0B5E-345C-45C9-949A-8CA4E9CAA6AC}.Debug|x86.Build.0 = Debug|x86
		{4E2D0B5E-345C-45C9-949A-8CA4E9CAA6AC}.Release|x86.ActiveCfg = Release|x86
		{4E2D0B5E-345C-45C9-949A-8CA4E9CAA6AC}.Release|x86.Build.0 = Release|x86
	EndGlobalSection
	GlobalSection(SolutionProperties) = preSolution
		HideSolutionNode = FALSE
	EndGlobalSection
	GlobalSection(ExtensibilityGlobals) = postSolution
		SolutionGuid = {BC02486F-4830-4B1C-9F9F-CB12D0EE9E26}
	EndGlobalSection
EndGlobal
